
Microsoft Visual Studio Solution File, Format Version 12.00
# Visual Studio Version 17
VisualStudioVersion = 17.0.31919.166
MinimumVisualStudioVersion = 10.0.40219.1
Project("{FAE04EC0-301F-11D3-BF4B-00C04F79EFBC}") = "MyMediaDatabase1", "MyMediaDatabase1\MyMediaDatabase1.csproj", "{278E675F-C831-446C-B774-82C1298D264A}"
EndProject
Global
	GlobalSection(SolutionConfigurationPlatforms) = preSolution
		Debug|Any CPU = Debug|Any CPU
		Release|Any CPU = Release|Any CPU
	EndGlobalSection
	GlobalSection(ProjectConfigurationPlatforms) = postSolution
		{278E675F-C831-446C-B774-82C1298D264A}.Debug|Any CPU.ActiveCfg = Debug|Any CPU
		{278E675F-C831-446C-B774-82C1298D264A}.Debug|Any CPU.Build.0 = Debug|Any CPU
		{278E675F-C831-446C-B774-82C1298D264A}.Release|Any CPU.ActiveCfg = Release|Any CPU
		{278E675F-C831-446C-B774-82C1298D264A}.Release|Any CPU.Build.0 = Release|Any CPU
	EndGlobalSection
	GlobalSection(SolutionProperties) = preSolution
		HideSolutionNode = FALSE
	EndGlobalSection
	GlobalSection(ExtensibilityGlobals) = postSolution
		SolutionGuid = {02D1568F-9029-4200-AD8F-EC98BDCD7E9D}
	EndGlobalSection
EndGlobal
